// !$*UTF8*$!
{
	archiveVersion = 1;
	classes = {
	};
	objectVersion = 46;
	objects = {

/* Begin PBXBuildFile section */
		6094223318E4CE570069BA0E /* Foundation.framework in Frameworks */ = {isa = PBXBuildFile; fileRef = 6094223218E4CE570069BA0E /* Foundation.framework */; };
		6094223518E4CE570069BA0E /* CoreGraphics.framework in Frameworks */ = {isa = PBXBuildFile; fileRef = 6094223418E4CE570069BA0E /* CoreGraphics.framework */; };
		6094223718E4CE570069BA0E /* UIKit.framework in Frameworks */ = {isa = PBXBuildFile; fileRef = 6094223618E4CE570069BA0E /* UIKit.framework */; };
		6094223D18E4CE570069BA0E /* InfoPlist.strings in Resources */ = {isa = PBXBuildFile; fileRef = 6094223B18E4CE570069BA0E /* InfoPlist.strings */; };
		6094223F18E4CE570069BA0E /* main.m in Sources */ = {isa = PBXBuildFile; fileRef = 6094223E18E4CE570069BA0E /* main.m */; };
		6094224318E4CE570069BA0E /* AppDelegate.m in Sources */ = {isa = PBXBuildFile; fileRef = 6094224218E4CE570069BA0E /* AppDelegate.m */; };
		6094224518E4CE570069BA0E /* Images.xcassets in Resources */ = {isa = PBXBuildFile; fileRef = 6094224418E4CE570069BA0E /* Images.xcassets */; };
		6094224C18E4CE570069BA0E /* XCTest.framework in Frameworks */ = {isa = PBXBuildFile; fileRef = 6094224B18E4CE570069BA0E /* XCTest.framework */; };
		6094224D18E4CE570069BA0E /* Foundation.framework in Frameworks */ = {isa = PBXBuildFile; fileRef = 6094223218E4CE570069BA0E /* Foundation.framework */; };
		6094224E18E4CE570069BA0E /* UIKit.framework in Frameworks */ = {isa = PBXBuildFile; fileRef = 6094223618E4CE570069BA0E /* UIKit.framework */; };
		6094225618E4CE570069BA0E /* InfoPlist.strings in Resources */ = {isa = PBXBuildFile; fileRef = 6094225418E4CE570069BA0E /* InfoPlist.strings */; };
		6094225818E4CE570069BA0E /* _16_TimeTestTests.m in Sources */ = {isa = PBXBuildFile; fileRef = 6094225718E4CE570069BA0E /* _16_TimeTestTests.m */; };
		6094226318E4E4550069BA0E /* GRObject.m in Sources */ = {isa = PBXBuildFile; fileRef = 6094226218E4E4550069BA0E /* GRObject.m */; };
/* End PBXBuildFile section */

/* Begin PBXContainerItemProxy section */
		6094224F18E4CE570069BA0E /* PBXContainerItemProxy */ = {
			isa = PBXContainerItemProxy;
			containerPortal = 6094222718E4CE570069BA0E /* Project object */;
			proxyType = 1;
			remoteGlobalIDString = 6094222E18E4CE570069BA0E;
			remoteInfo = _16_TimeTest;
		};
/* End PBXContainerItemProxy section */

/* Begin PBXFileReference section */
		6094222F18E4CE570069BA0E /* _16_TimeTest.app */ = {isa = PBXFileReference; explicitFileType = wrapper.application; includeInIndex = 0; path = _16_TimeTest.app; sourceTree = BUILT_PRODUCTS_DIR; };
		6094223218E4CE570069BA0E /* Foundation.framework */ = {isa = PBXFileReference; lastKnownFileType = wrapper.framework; name = Foundation.framework; path = System/Library/Frameworks/Foundation.framework; sourceTree = SDKROOT; };
		6094223418E4CE570069BA0E /* CoreGraphics.framework */ = {isa = PBXFileReference; lastKnownFileType = wrapper.framework; name = CoreGraphics.framework; path = System/Library/Frameworks/CoreGraphics.framework; sourceTree = SDKROOT; };
		6094223618E4CE570069BA0E /* UIKit.framework */ = {isa = PBXFileReference; lastKnownFileType = wrapper.framework; name = UIKit.framework; path = System/Library/Frameworks/UIKit.framework; sourceTree = SDKROOT; };
		6094223A18E4CE570069BA0E /* _16_TimeTest-Info.plist */ = {isa = PBXFileReference; lastKnownFileType = text.plist.xml; path = "_16_TimeTest-Info.plist"; sourceTree = "<group>"; };
		6094223C18E4CE570069BA0E /* en */ = {isa = PBXFileReference; lastKnownFileType = text.plist.strings; name = en; path = en.lproj/InfoPlist.strings; sourceTree = "<group>"; };
		6094223E18E4CE570069BA0E /* main.m */ = {isa = PBXFileReference; lastKnownFileType = sourcecode.c.objc; path = main.m; sourceTree = "<group>"; };
		6094224018E4CE570069BA0E /* _16_TimeTest-Prefix.pch */ = {isa = PBXFileReference; lastKnownFileType = sourcecode.c.h; path = "_16_TimeTest-Prefix.pch"; sourceTree = "<group>"; };
		6094224118E4CE570069BA0E /* AppDelegate.h */ = {isa = PBXFileReference; lastKnownFileType = sourcecode.c.h; path = AppDelegate.h; sourceTree = "<group>"; };
		6094224218E4CE570069BA0E /* AppDelegate.m */ = {isa = PBXFileReference; lastKnownFileType = sourcecode.c.objc; path = AppDelegate.m; sourceTree = "<group>"; };
		6094224418E4CE570069BA0E /* Images.xcassets */ = {isa = PBXFileReference; lastKnownFileType = folder.assetcatalog; path = Images.xcassets; sourceTree = "<group>"; };
		6094224A18E4CE570069BA0E /* _16_TimeTestTests.xctest */ = {isa = PBXFileReference; explicitFileType = wrapper.cfbundle; includeInIndex = 0; path = _16_TimeTestTests.xctest; sourceTree = BUILT_PRODUCTS_DIR; };
		6094224B18E4CE570069BA0E /* XCTest.framework */ = {isa = PBXFileReference; lastKnownFileType = wrapper.framework; name = XCTest.framework; path = Library/Frameworks/XCTest.framework; sourceTree = DEVELOPER_DIR; };
		6094225318E4CE570069BA0E /* _16_TimeTestTests-Info.plist */ = {isa = PBXFileReference; lastKnownFileType = text.plist.xml; path = "_16_TimeTestTests-Info.plist"; sourceTree = "<group>"; };
		6094225518E4CE570069BA0E /* en */ = {isa = PBXFileReference; lastKnownFileType = text.plist.strings; name = en; path = en.lproj/InfoPlist.strings; sourceTree = "<group>"; };
		6094225718E4CE570069BA0E /* _16_TimeTestTests.m */ = {isa = PBXFileReference; lastKnownFileType = sourcecode.c.objc; path = _16_TimeTestTests.m; sourceTree = "<group>"; };
		6094226118E4E4550069BA0E /* GRObject.h */ = {isa = PBXFileReference; fileEncoding = 4; lastKnownFileType = sourcecode.c.h; path = GRObject.h; sourceTree = "<group>"; };
		6094226218E4E4550069BA0E /* GRObject.m */ = {isa = PBXFileReference; fileEncoding = 4; lastKnownFileType = sourcecode.c.objc; path = GRObject.m; sourceTree = "<group>"; };
/* End PBXFileReference section */

/* Begin PBXFrameworksBuildPhase section */
		6094222C18E4CE570069BA0E /* Frameworks */ = {
			isa = PBXFrameworksBuildPhase;
			buildActionMask = 2147483647;
			files = (
				6094223518E4CE570069BA0E /* CoreGraphics.framework in Frameworks */,
				6094223718E4CE570069BA0E /* UIKit.framework in Frameworks */,
				6094223318E4CE570069BA0E /* Foundation.framework in Frameworks */,
			);
			runOnlyForDeploymentPostprocessing = 0;
		};
		6094224718E4CE570069BA0E /* Frameworks */ = {
			isa = PBXFrameworksBuildPhase;
			buildActionMask = 2147483647;
			files = (
				6094224C18E4CE570069BA0E /* XCTest.framework in Frameworks */,
				6094224E18E4CE570069BA0E /* UIKit.framework in Frameworks */,
				6094224D18E4CE570069BA0E /* Foundation.framework in Frameworks */,
			);
			runOnlyForDeploymentPostprocessing = 0;
		};
/* End PBXFrameworksBuildPhase section */

/* Begin PBXGroup section */
		6094222618E4CE570069BA0E = {
			isa = PBXGroup;
			children = (
				6094223818E4CE570069BA0E /* _16_TimeTest */,
				6094225118E4CE570069BA0E /* _16_TimeTestTests */,
				6094223118E4CE570069BA0E /* Frameworks */,
				6094223018E4CE570069BA0E /* Products */,
			);
			sourceTree = "<group>";
		};
		6094223018E4CE570069BA0E /* Products */ = {
			isa = PBXGroup;
			children = (
				6094222F18E4CE570069BA0E /* _16_TimeTest.app */,
				6094224A18E4CE570069BA0E /* _16_TimeTestTests.xctest */,
			);
			name = Products;
			sourceTree = "<group>";
		};
		6094223118E4CE570069BA0E /* Frameworks */ = {
			isa = PBXGroup;
			children = (
				6094223218E4CE570069BA0E /* Foundation.framework */,
				6094223418E4CE570069BA0E /* CoreGraphics.framework */,
				6094223618E4CE570069BA0E /* UIKit.framework */,
				6094224B18E4CE570069BA0E /* XCTest.framework */,
			);
			name = Frameworks;
			sourceTree = "<group>";
		};
		6094223818E4CE570069BA0E /* _16_TimeTest */ = {
			isa = PBXGroup;
			children = (
				6094226118E4E4550069BA0E /* GRObject.h */,
				6094226218E4E4550069BA0E /* GRObject.m */,
				6094224118E4CE570069BA0E /* AppDelegate.h */,
				6094224218E4CE570069BA0E /* AppDelegate.m */,
				6094224418E4CE570069BA0E /* Images.xcassets */,
				6094223918E4CE570069BA0E /* Supporting Files */,
			);
			path = _16_TimeTest;
			sourceTree = "<group>";
		};
		6094223918E4CE570069BA0E /* Supporting Files */ = {
			isa = PBXGroup;
			children = (
				6094223A18E4CE570069BA0E /* _16_TimeTest-Info.plist */,
				6094223B18E4CE570069BA0E /* InfoPlist.strings */,
				6094223E18E4CE570069BA0E /* main.m */,
				6094224018E4CE570069BA0E /* _16_TimeTest-Prefix.pch */,
			);
			name = "Supporting Files";
			sourceTree = "<group>";
		};
		6094225118E4CE570069BA0E /* _16_TimeTestTests */ = {
			isa = PBXGroup;
			children = (
				6094225718E4CE570069BA0E /* _16_TimeTestTests.m */,
				6094225218E4CE570069BA0E /* Supporting Files */,
			);
			path = _16_TimeTestTests;
			sourceTree = "<group>";
		};
		6094225218E4CE570069BA0E /* Supporting Files */ = {
			isa = PBXGroup;
			children = (
				6094225318E4CE570069BA0E /* _16_TimeTestTests-Info.plist */,
				6094225418E4CE570069BA0E /* InfoPlist.strings */,
			);
			name = "Supporting Files";
			sourceTree = "<group>";
		};
/* End PBXGroup section */

/* Begin PBXNativeTarget section */
		6094222E18E4CE570069BA0E /* _16_TimeTest */ = {
			isa = PBXNativeTarget;
			buildConfigurationList = 6094225B18E4CE570069BA0E /* Build configuration list for PBXNativeTarget "_16_TimeTest" */;
			buildPhases = (
				6094222B18E4CE570069BA0E /* Sources */,
				6094222C18E4CE570069BA0E /* Frameworks */,
				6094222D18E4CE570069BA0E /* Resources */,
			);
			buildRules = (
			);
			dependencies = (
			);
			name = _16_TimeTest;
			productName = _16_TimeTest;
			productReference = 6094222F18E4CE570069BA0E /* _16_TimeTest.app */;
			productType = "com.apple.product-type.application";
		};
		6094224918E4CE570069BA0E /* _16_TimeTestTests */ = {
			isa = PBXNativeTarget;
			buildConfigurationList = 6094225E18E4CE570069BA0E /* Build configuration list for PBXNativeTarget "_16_TimeTestTests" */;
			buildPhases = (
				6094224618E4CE570069BA0E /* Sources */,
				6094224718E4CE570069BA0E /* Frameworks */,
				6094224818E4CE570069BA0E /* Resources */,
			);
			buildRules = (
			);
			dependencies = (
				6094225018E4CE570069BA0E /* PBXTargetDependency */,
			);
			name = _16_TimeTestTests;
			productName = _16_TimeTestTests;
			productReference = 6094224A18E4CE570069BA0E /* _16_TimeTestTests.xctest */;
			productType = "com.apple.product-type.bundle.unit-test";
		};
/* End PBXNativeTarget section */

/* Begin PBXProject section */
		6094222718E4CE570069BA0E /* Project object */ = {
			isa = PBXProject;
			attributes = {
				LastUpgradeCheck = 0510;
				ORGANIZATIONNAME = Evgenia;
				TargetAttributes = {
					6094224918E4CE570069BA0E = {
						TestTargetID = 6094222E18E4CE570069BA0E;
					};
				};
			};
			buildConfigurationList = 6094222A18E4CE570069BA0E /* Build configuration list for PBXProject "_16_TimeTest" */;
			compatibilityVersion = "Xcode 3.2";
			developmentRegion = English;
			hasScannedForEncodings = 0;
			knownRegions = (
				en,
			);
			mainGroup = 6094222618E4CE570069BA0E;
			productRefGroup = 6094223018E4CE570069BA0E /* Products */;
			projectDirPath = "";
			projectRoot = "";
			targets = (
				6094222E18E4CE570069BA0E /* _16_TimeTest */,
				6094224918E4CE570069BA0E /* _16_TimeTestTests */,
			);
		};
/* End PBXProject section */

/* Begin PBXResourcesBuildPhase section */
		6094222D18E4CE570069BA0E /* Resources */ = {
			isa = PBXResourcesBuildPhase;
			buildActionMask = 2147483647;
			files = (
				6094223D18E4CE570069BA0E /* InfoPlist.strings in Resources */,
				6094224518E4CE570069BA0E /* Images.xcassets in Resources */,
			);
			runOnlyForDeploymentPostprocessing = 0;
		};
		6094224818E4CE570069BA0E /* Resources */ = {
			isa = PBXResourcesBuildPhase;
			buildActionMask = 2147483647;
			files = (
				6094225618E4CE570069BA0E /* InfoPlist.strings in Resources */,
			);
			runOnlyForDeploymentPostprocessing = 0;
		};
/* End PBXResourcesBuildPhase section */

/* Begin PBXSourcesBuildPhase section */
		6094222B18E4CE570069BA0E /* Sources */ = {
			isa = PBXSourcesBuildPhase;
			buildActionMask = 2147483647;
			files = (
				6094224318E4CE570069BA0E /* AppDelegate.m in Sources */,
				6094223F18E4CE570069BA0E /* main.m in Sources */,
				6094226318E4E4550069BA0E /* GRObject.m in Sources */,
			);
			runOnlyForDeploymentPostprocessing = 0;
		};
		6094224618E4CE570069BA0E /* Sources */ = {
			isa = PBXSourcesBuildPhase;
			buildActionMask = 2147483647;
			files = (
				6094225818E4CE570069BA0E /* _16_TimeTestTests.m in Sources */,
			);
			runOnlyForDeploymentPostprocessing = 0;
		};
/* End PBXSourcesBuildPhase section */

/* Begin PBXTargetDependency section */
		6094225018E4CE570069BA0E /* PBXTargetDependency */ = {
			isa = PBXTargetDependency;
			target = 6094222E18E4CE570069BA0E /* _16_TimeTest */;
			targetProxy = 6094224F18E4CE570069BA0E /* PBXContainerItemProxy */;
		};
/* End PBXTargetDependency section */

/* Begin PBXVariantGroup section */
		6094223B18E4CE570069BA0E /* InfoPlist.strings */ = {
			isa = PBXVariantGroup;
			children = (
				6094223C18E4CE570069BA0E /* en */,
			);
			name = InfoPlist.strings;
			sourceTree = "<group>";
		};
		6094225418E4CE570069BA0E /* InfoPlist.strings */ = {
			isa = PBXVariantGroup;
			children = (
				6094225518E4CE570069BA0E /* en */,
			);
			name = InfoPlist.strings;
			sourceTree = "<group>";
		};
/* End PBXVariantGroup section */

/* Begin XCBuildConfiguration section */
		6094225918E4CE570069BA0E /* Debug */ = {
			isa = XCBuildConfiguration;
			buildSettings = {
				ALWAYS_SEARCH_USER_PATHS = NO;
				CLANG_CXX_LANGUAGE_STANDARD = "gnu++0x";
				CLANG_CXX_LIBRARY = "libc++";
				CLANG_ENABLE_MODULES = YES;
				CLANG_ENABLE_OBJC_ARC = YES;
				CLANG_WARN_BOOL_CONVERSION = YES;
				CLANG_WARN_CONSTANT_CONVERSION = YES;
				CLANG_WARN_DIRECT_OBJC_ISA_USAGE = YES_ERROR;
				CLANG_WARN_EMPTY_BODY = YES;
				CLANG_WARN_ENUM_CONVERSION = YES;
				CLANG_WARN_INT_CONVERSION = YES;
				CLANG_WARN_OBJC_ROOT_CLASS = YES_ERROR;
				CLANG_WARN__DUPLICATE_METHOD_MATCH = YES;
				"CODE_SIGN_IDENTITY[sdk=iphoneos*]" = "iPhone Developer";
				COPY_PHASE_STRIP = NO;
				GCC_C_LANGUAGE_STANDARD = gnu99;
				GCC_DYNAMIC_NO_PIC = NO;
				GCC_OPTIMIZATION_LEVEL = 0;
				GCC_PREPROCESSOR_DEFINITIONS = (
					"DEBUG=1",
					"$(inherited)",
				);
				GCC_SYMBOLS_PRIVATE_EXTERN = NO;
				GCC_WARN_64_TO_32_BIT_CONVERSION = YES;
				GCC_WARN_ABOUT_RETURN_TYPE = YES_ERROR;
				GCC_WARN_UNDECLARED_SELECTOR = YES;
				GCC_WARN_UNINITIALIZED_AUTOS = YES_AGGRESSIVE;
				GCC_WARN_UNUSED_FUNCTION = YES;
				GCC_WARN_UNUSED_VARIABLE = YES;
				IPHONEOS_DEPLOYMENT_TARGET = 7.1;
				ONLY_ACTIVE_ARCH = YES;
				SDKROOT = iphoneos;
			};
			name = Debug;
		};
		6094225A18E4CE570069BA0E /* Release */ = {
			isa = XCBuildConfiguration;
			buildSettings = {
				ALWAYS_SEARCH_USER_PATHS = NO;
				CLANG_CXX_LANGUAGE_STANDARD = "gnu++0x";
				CLANG_CXX_LIBRARY = "libc++";
				CLANG_ENABLE_MODULES = YES;
				CLANG_ENABLE_OBJC_ARC = YES;
				CLANG_WARN_BOOL_CONVERSION = YES;
				CLANG_WARN_CONSTANT_CONVERSION = YES;
				CLANG_WARN_DIRECT_OBJC_ISA_USAGE = YES_ERROR;
				CLANG_WARN_EMPTY_BODY = YES;
				CLANG_WARN_ENUM_CONVERSION = YES;
				CLANG_WARN_INT_CONVERSION = YES;
				CLANG_WARN_OBJC_ROOT_CLASS = YES_ERROR;
				CLANG_WARN__DUPLICATE_METHOD_MATCH = YES;
				"CODE_SIGN_IDENTITY[sdk=iphoneos*]" = "iPhone Developer";
				COPY_PHASE_STRIP = YES;
				ENABLE_NS_ASSERTIONS = NO;
				GCC_C_LANGUAGE_STANDARD = gnu99;
				GCC_WARN_64_TO_32_BIT_CONVERSION = YES;
				GCC_WARN_ABOUT_RETURN_TYPE = YES_ERROR;
				GCC_WARN_UNDECLARED_SELECTOR = YES;
				GCC_WARN_UNINITIALIZED_AUTOS = YES_AGGRESSIVE;
				GCC_WARN_UNUSED_FUNCTION = YES;
				GCC_WARN_UNUSED_VARIABLE = YES;
				IPHONEOS_DEPLOYMENT_TARGET = 7.1;
				SDKROOT = iphoneos;
				VALIDATE_PRODUCT = YES;
			};
			name = Release;
		};
		6094225C18E4CE570069BA0E /* Debug */ = {
			isa = XCBuildConfiguration;
			buildSettings = {
				ASSETCATALOG_COMPILER_APPICON_NAME = AppIcon;
				ASSETCATALOG_COMPILER_LAUNCHIMAGE_NAME = LaunchImage;
				GCC_PRECOMPILE_PREFIX_HEADER = YES;
				GCC_PREFIX_HEADER = "_16_TimeTest/_16_TimeTest-Prefix.pch";
				INFOPLIST_FILE = "_16_TimeTest/_16_TimeTest-Info.plist";
				PRODUCT_NAME = "$(TARGET_NAME)";
				WRAPPER_EXTENSION = app;
			};
			name = Debug;
		};
		6094225D18E4CE570069BA0E /* Release */ = {
			isa = XCBuildConfiguration;
			buildSettings = {
				ASSETCATALOG_COMPILER_APPICON_NAME = AppIcon;
				ASSETCATALOG_COMPILER_LAUNCHIMAGE_NAME = LaunchImage;
				GCC_PRECOMPILE_PREFIX_HEADER = YES;
				GCC_PREFIX_HEADER = "_16_TimeTest/_16_TimeTest-Prefix.pch";
				INFOPLIST_FILE = "_16_TimeTest/_16_TimeTest-Info.plist";
				PRODUCT_NAME = "$(TARGET_NAME)";
				WRAPPER_EXTENSION = app;
			};
			name = Release;
		};
		6094225F18E4CE570069BA0E /* Debug */ = {
			isa = XCBuildConfiguration;
			buildSettings = {
				BUNDLE_LOADER = "$(BUILT_PRODUCTS_DIR)/_16_TimeTest.app/_16_TimeTest";
				FRAMEWORK_SEARCH_PATHS = (
					"$(SDKROOT)/Developer/Library/Frameworks",
					"$(inherited)",
					"$(DEVELOPER_FRAMEWORKS_DIR)",
				);
				GCC_PRECOMPILE_PREFIX_HEADER = YES;
				GCC_PREFIX_HEADER = "_16_TimeTest/_16_TimeTest-Prefix.pch";
				GCC_PREPROCESSOR_DEFINITIONS = (
					"DEBUG=1",
					"$(inherited)",
				);
				INFOPLIST_FILE = "_16_TimeTestTests/_16_TimeTestTests-Info.plist";
				PRODUCT_NAME = "$(TARGET_NAME)";
				TEST_HOST = "$(BUNDLE_LOADER)";
				WRAPPER_EXTENSION = xctest;
			};
			name = Debug;
		};
		6094226018E4CE570069BA0E /* Release */ = {
			isa = XCBuildConfiguration;
			buildSettings = {
				BUNDLE_LOADER = "$(BUILT_PRODUCTS_DIR)/_16_TimeTest.app/_16_TimeTest";
				FRAMEWORK_SEARCH_PATHS = (
					"$(SDKROOT)/Developer/Library/Frameworks",
					"$(inherited)",
					"$(DEVELOPER_FRAMEWORKS_DIR)",
				);
				GCC_PRECOMPILE_PREFIX_HEADER = YES;
				GCC_PREFIX_HEADER = "_16_TimeTest/_16_TimeTest-Prefix.pch";
				INFOPLIST_FILE = "_16_TimeTestTests/_16_TimeTestTests-Info.plist";
				PRODUCT_NAME = "$(TARGET_NAME)";
				TEST_HOST = "$(BUNDLE_LOADER)";
				WRAPPER_EXTENSION = xctest;
			};
			name = Release;
		};
/* End XCBuildConfiguration section */

/* Begin XCConfigurationList section */
		6094222A18E4CE570069BA0E /* Build configuration list for PBXProject "_16_TimeTest" */ = {
			isa = XCConfigurationList;
			buildConfigurations = (
				6094225918E4CE570069BA0E /* Debug */,
				6094225A18E4CE570069BA0E /* Release */,
			);
			defaultConfigurationIsVisible = 0;
			defaultConfigurationName = Release;
		};
		6094225B18E4CE570069BA0E /* Build configuration list for PBXNativeTarget "_16_TimeTest" */ = {
			isa = XCConfigurationList;
			buildConfigurations = (
				6094225C18E4CE570069BA0E /* Debug */,
				6094225D18E4CE570069BA0E /* Release */,
			);
			defaultConfigurationIsVisible = 0;
		};
		6094225E18E4CE570069BA0E /* Build configuration list for PBXNativeTarget "_16_TimeTestTests" */ = {
			isa = XCConfigurationList;
			buildConfigurations = (
				6094225F18E4CE570069BA0E /* Debug */,
				6094226018E4CE570069BA0E /* Release */,
			);
			defaultConfigurationIsVisible = 0;
		};
/* End XCConfigurationList section */
	};
	rootObject = 6094222718E4CE570069BA0E /* Project object */;
}
