// !$*UTF8*$!
{
	archiveVersion = 1;
	classes = {
	};
	objectVersion = 46;
	objects = {

/* Begin PBXBuildFile section */
		609422AC18E4F4940069BA0E /* Foundation.framework in Frameworks */ = {isa = PBXBuildFile; fileRef = 609422AB18E4F4940069BA0E /* Foundation.framework */; };
		609422AE18E4F4940069BA0E /* CoreGraphics.framework in Frameworks */ = {isa = PBXBuildFile; fileRef = 609422AD18E4F4940069BA0E /* CoreGraphics.framework */; };
		609422B018E4F4940069BA0E /* UIKit.framework in Frameworks */ = {isa = PBXBuildFile; fileRef = 609422AF18E4F4940069BA0E /* UIKit.framework */; };
		609422B618E4F4940069BA0E /* InfoPlist.strings in Resources */ = {isa = PBXBuildFile; fileRef = 609422B418E4F4940069BA0E /* InfoPlist.strings */; };
		609422B818E4F4940069BA0E /* main.m in Sources */ = {isa = PBXBuildFile; fileRef = 609422B718E4F4940069BA0E /* main.m */; };
		609422BC18E4F4940069BA0E /* AppDelegate.m in Sources */ = {isa = PBXBuildFile; fileRef = 609422BB18E4F4940069BA0E /* AppDelegate.m */; };
		609422BE18E4F4940069BA0E /* Images.xcassets in Resources */ = {isa = PBXBuildFile; fileRef = 609422BD18E4F4940069BA0E /* Images.xcassets */; };
		609422C518E4F4940069BA0E /* XCTest.framework in Frameworks */ = {isa = PBXBuildFile; fileRef = 609422C418E4F4940069BA0E /* XCTest.framework */; };
		609422C618E4F4940069BA0E /* Foundation.framework in Frameworks */ = {isa = PBXBuildFile; fileRef = 609422AB18E4F4940069BA0E /* Foundation.framework */; };
		609422C718E4F4940069BA0E /* UIKit.framework in Frameworks */ = {isa = PBXBuildFile; fileRef = 609422AF18E4F4940069BA0E /* UIKit.framework */; };
		609422CF18E4F4940069BA0E /* InfoPlist.strings in Resources */ = {isa = PBXBuildFile; fileRef = 609422CD18E4F4940069BA0E /* InfoPlist.strings */; };
		609422D118E4F4940069BA0E /* _16_TimeTests.m in Sources */ = {isa = PBXBuildFile; fileRef = 609422D018E4F4940069BA0E /* _16_TimeTests.m */; };
		609422DC18E4F4CD0069BA0E /* GRStudent.m in Sources */ = {isa = PBXBuildFile; fileRef = 609422DB18E4F4CD0069BA0E /* GRStudent.m */; };
/* End PBXBuildFile section */

/* Begin PBXContainerItemProxy section */
		609422C818E4F4940069BA0E /* PBXContainerItemProxy */ = {
			isa = PBXContainerItemProxy;
			containerPortal = 609422A018E4F4940069BA0E /* Project object */;
			proxyType = 1;
			remoteGlobalIDString = 609422A718E4F4940069BA0E;
			remoteInfo = _16_Time;
		};
/* End PBXContainerItemProxy section */

/* Begin PBXFileReference section */
		609422A818E4F4940069BA0E /* _16_Time.app */ = {isa = PBXFileReference; explicitFileType = wrapper.application; includeInIndex = 0; path = _16_Time.app; sourceTree = BUILT_PRODUCTS_DIR; };
		609422AB18E4F4940069BA0E /* Foundation.framework */ = {isa = PBXFileReference; lastKnownFileType = wrapper.framework; name = Foundation.framework; path = System/Library/Frameworks/Foundation.framework; sourceTree = SDKROOT; };
		609422AD18E4F4940069BA0E /* CoreGraphics.framework */ = {isa = PBXFileReference; lastKnownFileType = wrapper.framework; name = CoreGraphics.framework; path = System/Library/Frameworks/CoreGraphics.framework; sourceTree = SDKROOT; };
		609422AF18E4F4940069BA0E /* UIKit.framework */ = {isa = PBXFileReference; lastKnownFileType = wrapper.framework; name = UIKit.framework; path = System/Library/Frameworks/UIKit.framework; sourceTree = SDKROOT; };
		609422B318E4F4940069BA0E /* _16_Time-Info.plist */ = {isa = PBXFileReference; lastKnownFileType = text.plist.xml; path = "_16_Time-Info.plist"; sourceTree = "<group>"; };
		609422B518E4F4940069BA0E /* en */ = {isa = PBXFileReference; lastKnownFileType = text.plist.strings; name = en; path = en.lproj/InfoPlist.strings; sourceTree = "<group>"; };
		609422B718E4F4940069BA0E /* main.m */ = {isa = PBXFileReference; lastKnownFileType = sourcecode.c.objc; path = main.m; sourceTree = "<group>"; };
		609422B918E4F4940069BA0E /* _16_Time-Prefix.pch */ = {isa = PBXFileReference; lastKnownFileType = sourcecode.c.h; path = "_16_Time-Prefix.pch"; sourceTree = "<group>"; };
		609422BA18E4F4940069BA0E /* AppDelegate.h */ = {isa = PBXFileReference; lastKnownFileType = sourcecode.c.h; path = AppDelegate.h; sourceTree = "<group>"; };
		609422BB18E4F4940069BA0E /* AppDelegate.m */ = {isa = PBXFileReference; lastKnownFileType = sourcecode.c.objc; path = AppDelegate.m; sourceTree = "<group>"; };
		609422BD18E4F4940069BA0E /* Images.xcassets */ = {isa = PBXFileReference; lastKnownFileType = folder.assetcatalog; path = Images.xcassets; sourceTree = "<group>"; };
		609422C318E4F4940069BA0E /* _16_TimeTests.xctest */ = {isa = PBXFileReference; explicitFileType = wrapper.cfbundle; includeInIndex = 0; path = _16_TimeTests.xctest; sourceTree = BUILT_PRODUCTS_DIR; };
		609422C418E4F4940069BA0E /* XCTest.framework */ = {isa = PBXFileReference; lastKnownFileType = wrapper.framework; name = XCTest.framework; path = Library/Frameworks/XCTest.framework; sourceTree = DEVELOPER_DIR; };
		609422CC18E4F4940069BA0E /* _16_TimeTests-Info.plist */ = {isa = PBXFileReference; lastKnownFileType = text.plist.xml; path = "_16_TimeTests-Info.plist"; sourceTree = "<group>"; };
		609422CE18E4F4940069BA0E /* en */ = {isa = PBXFileReference; lastKnownFileType = text.plist.strings; name = en; path = en.lproj/InfoPlist.strings; sourceTree = "<group>"; };
		609422D018E4F4940069BA0E /* _16_TimeTests.m */ = {isa = PBXFileReference; lastKnownFileType = sourcecode.c.objc; path = _16_TimeTests.m; sourceTree = "<group>"; };
		609422DA18E4F4CD0069BA0E /* GRStudent.h */ = {isa = PBXFileReference; fileEncoding = 4; lastKnownFileType = sourcecode.c.h; path = GRStudent.h; sourceTree = "<group>"; };
		609422DB18E4F4CD0069BA0E /* GRStudent.m */ = {isa = PBXFileReference; fileEncoding = 4; lastKnownFileType = sourcecode.c.objc; path = GRStudent.m; sourceTree = "<group>"; };
/* End PBXFileReference section */

/* Begin PBXFrameworksBuildPhase section */
		609422A518E4F4940069BA0E /* Frameworks */ = {
			isa = PBXFrameworksBuildPhase;
			buildActionMask = 2147483647;
			files = (
				609422AE18E4F4940069BA0E /* CoreGraphics.framework in Frameworks */,
				609422B018E4F4940069BA0E /* UIKit.framework in Frameworks */,
				609422AC18E4F4940069BA0E /* Foundation.framework in Frameworks */,
			);
			runOnlyForDeploymentPostprocessing = 0;
		};
		609422C018E4F4940069BA0E /* Frameworks */ = {
			isa = PBXFrameworksBuildPhase;
			buildActionMask = 2147483647;
			files = (
				609422C518E4F4940069BA0E /* XCTest.framework in Frameworks */,
				609422C718E4F4940069BA0E /* UIKit.framework in Frameworks */,
				609422C618E4F4940069BA0E /* Foundation.framework in Frameworks */,
			);
			runOnlyForDeploymentPostprocessing = 0;
		};
/* End PBXFrameworksBuildPhase section */

/* Begin PBXGroup section */
		6094229F18E4F4940069BA0E = {
			isa = PBXGroup;
			children = (
				609422B118E4F4940069BA0E /* _16_Time */,
				609422CA18E4F4940069BA0E /* _16_TimeTests */,
				609422AA18E4F4940069BA0E /* Frameworks */,
				609422A918E4F4940069BA0E /* Products */,
			);
			sourceTree = "<group>";
		};
		609422A918E4F4940069BA0E /* Products */ = {
			isa = PBXGroup;
			children = (
				609422A818E4F4940069BA0E /* _16_Time.app */,
				609422C318E4F4940069BA0E /* _16_TimeTests.xctest */,
			);
			name = Products;
			sourceTree = "<group>";
		};
		609422AA18E4F4940069BA0E /* Frameworks */ = {
			isa = PBXGroup;
			children = (
				609422AB18E4F4940069BA0E /* Foundation.framework */,
				609422AD18E4F4940069BA0E /* CoreGraphics.framework */,
				609422AF18E4F4940069BA0E /* UIKit.framework */,
				609422C418E4F4940069BA0E /* XCTest.framework */,
			);
			name = Frameworks;
			sourceTree = "<group>";
		};
		609422B118E4F4940069BA0E /* _16_Time */ = {
			isa = PBXGroup;
			children = (
				609422DA18E4F4CD0069BA0E /* GRStudent.h */,
				609422DB18E4F4CD0069BA0E /* GRStudent.m */,
				609422BA18E4F4940069BA0E /* AppDelegate.h */,
				609422BB18E4F4940069BA0E /* AppDelegate.m */,
				609422BD18E4F4940069BA0E /* Images.xcassets */,
				609422B218E4F4940069BA0E /* Supporting Files */,
			);
			path = _16_Time;
			sourceTree = "<group>";
		};
		609422B218E4F4940069BA0E /* Supporting Files */ = {
			isa = PBXGroup;
			children = (
				609422B318E4F4940069BA0E /* _16_Time-Info.plist */,
				609422B418E4F4940069BA0E /* InfoPlist.strings */,
				609422B718E4F4940069BA0E /* main.m */,
				609422B918E4F4940069BA0E /* _16_Time-Prefix.pch */,
			);
			name = "Supporting Files";
			sourceTree = "<group>";
		};
		609422CA18E4F4940069BA0E /* _16_TimeTests */ = {
			isa = PBXGroup;
			children = (
				609422D018E4F4940069BA0E /* _16_TimeTests.m */,
				609422CB18E4F4940069BA0E /* Supporting Files */,
			);
			path = _16_TimeTests;
			sourceTree = "<group>";
		};
		609422CB18E4F4940069BA0E /* Supporting Files */ = {
			isa = PBXGroup;
			children = (
				609422CC18E4F4940069BA0E /* _16_TimeTests-Info.plist */,
				609422CD18E4F4940069BA0E /* InfoPlist.strings */,
			);
			name = "Supporting Files";
			sourceTree = "<group>";
		};
/* End PBXGroup section */

/* Begin PBXNativeTarget section */
		609422A718E4F4940069BA0E /* _16_Time */ = {
			isa = PBXNativeTarget;
			buildConfigurationList = 609422D418E4F4940069BA0E /* Build configuration list for PBXNativeTarget "_16_Time" */;
			buildPhases = (
				609422A418E4F4940069BA0E /* Sources */,
				609422A518E4F4940069BA0E /* Frameworks */,
				609422A618E4F4940069BA0E /* Resources */,
			);
			buildRules = (
			);
			dependencies = (
			);
			name = _16_Time;
			productName = _16_Time;
			productReference = 609422A818E4F4940069BA0E /* _16_Time.app */;
			productType = "com.apple.product-type.application";
		};
		609422C218E4F4940069BA0E /* _16_TimeTests */ = {
			isa = PBXNativeTarget;
			buildConfigurationList = 609422D718E4F4940069BA0E /* Build configuration list for PBXNativeTarget "_16_TimeTests" */;
			buildPhases = (
				609422BF18E4F4940069BA0E /* Sources */,
				609422C018E4F4940069BA0E /* Frameworks */,
				609422C118E4F4940069BA0E /* Resources */,
			);
			buildRules = (
			);
			dependencies = (
				609422C918E4F4940069BA0E /* PBXTargetDependency */,
			);
			name = _16_TimeTests;
			productName = _16_TimeTests;
			productReference = 609422C318E4F4940069BA0E /* _16_TimeTests.xctest */;
			productType = "com.apple.product-type.bundle.unit-test";
		};
/* End PBXNativeTarget section */

/* Begin PBXProject section */
		609422A018E4F4940069BA0E /* Project object */ = {
			isa = PBXProject;
			attributes = {
				LastUpgradeCheck = 0510;
				ORGANIZATIONNAME = Evgenia;
				TargetAttributes = {
					609422C218E4F4940069BA0E = {
						TestTargetID = 609422A718E4F4940069BA0E;
					};
				};
			};
			buildConfigurationList = 609422A318E4F4940069BA0E /* Build configuration list for PBXProject "_16_Time" */;
			compatibilityVersion = "Xcode 3.2";
			developmentRegion = English;
			hasScannedForEncodings = 0;
			knownRegions = (
				en,
			);
			mainGroup = 6094229F18E4F4940069BA0E;
			productRefGroup = 609422A918E4F4940069BA0E /* Products */;
			projectDirPath = "";
			projectRoot = "";
			targets = (
				609422A718E4F4940069BA0E /* _16_Time */,
				609422C218E4F4940069BA0E /* _16_TimeTests */,
			);
		};
/* End PBXProject section */

/* Begin PBXResourcesBuildPhase section */
		609422A618E4F4940069BA0E /* Resources */ = {
			isa = PBXResourcesBuildPhase;
			buildActionMask = 2147483647;
			files = (
				609422B618E4F4940069BA0E /* InfoPlist.strings in Resources */,
				609422BE18E4F4940069BA0E /* Images.xcassets in Resources */,
			);
			runOnlyForDeploymentPostprocessing = 0;
		};
		609422C118E4F4940069BA0E /* Resources */ = {
			isa = PBXResourcesBuildPhase;
			buildActionMask = 2147483647;
			files = (
				609422CF18E4F4940069BA0E /* InfoPlist.strings in Resources */,
			);
			runOnlyForDeploymentPostprocessing = 0;
		};
/* End PBXResourcesBuildPhase section */

/* Begin PBXSourcesBuildPhase section */
		609422A418E4F4940069BA0E /* Sources */ = {
			isa = PBXSourcesBuildPhase;
			buildActionMask = 2147483647;
			files = (
				609422DC18E4F4CD0069BA0E /* GRStudent.m in Sources */,
				609422BC18E4F4940069BA0E /* AppDelegate.m in Sources */,
				609422B818E4F4940069BA0E /* main.m in Sources */,
			);
			runOnlyForDeploymentPostprocessing = 0;
		};
		609422BF18E4F4940069BA0E /* Sources */ = {
			isa = PBXSourcesBuildPhase;
			buildActionMask = 2147483647;
			files = (
				609422D118E4F4940069BA0E /* _16_TimeTests.m in Sources */,
			);
			runOnlyForDeploymentPostprocessing = 0;
		};
/* End PBXSourcesBuildPhase section */

/* Begin PBXTargetDependency section */
		609422C918E4F4940069BA0E /* PBXTargetDependency */ = {
			isa = PBXTargetDependency;
			target = 609422A718E4F4940069BA0E /* _16_Time */;
			targetProxy = 609422C818E4F4940069BA0E /* PBXContainerItemProxy */;
		};
/* End PBXTargetDependency section */

/* Begin PBXVariantGroup section */
		609422B418E4F4940069BA0E /* InfoPlist.strings */ = {
			isa = PBXVariantGroup;
			children = (
				609422B518E4F4940069BA0E /* en */,
			);
			name = InfoPlist.strings;
			sourceTree = "<group>";
		};
		609422CD18E4F4940069BA0E /* InfoPlist.strings */ = {
			isa = PBXVariantGroup;
			children = (
				609422CE18E4F4940069BA0E /* en */,
			);
			name = InfoPlist.strings;
			sourceTree = "<group>";
		};
/* End PBXVariantGroup section */

/* Begin XCBuildConfiguration section */
		609422D218E4F4940069BA0E /* Debug */ = {
			isa = XCBuildConfiguration;
			buildSettings = {
				ALWAYS_SEARCH_USER_PATHS = NO;
				CLANG_CXX_LANGUAGE_STANDARD = "gnu++0x";
				CLANG_CXX_LIBRARY = "libc++";
				CLANG_ENABLE_MODULES = YES;
				CLANG_ENABLE_OBJC_ARC = YES;
				CLANG_WARN_BOOL_CONVERSION = YES;
				CLANG_WARN_CONSTANT_CONVERSION = YES;
				CLANG_WARN_DIRECT_OBJC_ISA_USAGE = YES_ERROR;
				CLANG_WARN_EMPTY_BODY = YES;
				CLANG_WARN_ENUM_CONVERSION = YES;
				CLANG_WARN_INT_CONVERSION = YES;
				CLANG_WARN_OBJC_ROOT_CLASS = YES_ERROR;
				CLANG_WARN__DUPLICATE_METHOD_MATCH = YES;
				"CODE_SIGN_IDENTITY[sdk=iphoneos*]" = "iPhone Developer";
				COPY_PHASE_STRIP = NO;
				GCC_C_LANGUAGE_STANDARD = gnu99;
				GCC_DYNAMIC_NO_PIC = NO;
				GCC_OPTIMIZATION_LEVEL = 0;
				GCC_PREPROCESSOR_DEFINITIONS = (
					"DEBUG=1",
					"$(inherited)",
				);
				GCC_SYMBOLS_PRIVATE_EXTERN = NO;
				GCC_WARN_64_TO_32_BIT_CONVERSION = YES;
				GCC_WARN_ABOUT_RETURN_TYPE = YES_ERROR;
				GCC_WARN_UNDECLARED_SELECTOR = YES;
				GCC_WARN_UNINITIALIZED_AUTOS = YES_AGGRESSIVE;
				GCC_WARN_UNUSED_FUNCTION = YES;
				GCC_WARN_UNUSED_VARIABLE = YES;
				IPHONEOS_DEPLOYMENT_TARGET = 7.1;
				ONLY_ACTIVE_ARCH = YES;
				SDKROOT = iphoneos;
			};
			name = Debug;
		};
		609422D318E4F4940069BA0E /* Release */ = {
			isa = XCBuildConfiguration;
			buildSettings = {
				ALWAYS_SEARCH_USER_PATHS = NO;
				CLANG_CXX_LANGUAGE_STANDARD = "gnu++0x";
				CLANG_CXX_LIBRARY = "libc++";
				CLANG_ENABLE_MODULES = YES;
				CLANG_ENABLE_OBJC_ARC = YES;
				CLANG_WARN_BOOL_CONVERSION = YES;
				CLANG_WARN_CONSTANT_CONVERSION = YES;
				CLANG_WARN_DIRECT_OBJC_ISA_USAGE = YES_ERROR;
				CLANG_WARN_EMPTY_BODY = YES;
				CLANG_WARN_ENUM_CONVERSION = YES;
				CLANG_WARN_INT_CONVERSION = YES;
				CLANG_WARN_OBJC_ROOT_CLASS = YES_ERROR;
				CLANG_WARN__DUPLICATE_METHOD_MATCH = YES;
				"CODE_SIGN_IDENTITY[sdk=iphoneos*]" = "iPhone Developer";
				COPY_PHASE_STRIP = YES;
				ENABLE_NS_ASSERTIONS = NO;
				GCC_C_LANGUAGE_STANDARD = gnu99;
				GCC_WARN_64_TO_32_BIT_CONVERSION = YES;
				GCC_WARN_ABOUT_RETURN_TYPE = YES_ERROR;
				GCC_WARN_UNDECLARED_SELECTOR = YES;
				GCC_WARN_UNINITIALIZED_AUTOS = YES_AGGRESSIVE;
				GCC_WARN_UNUSED_FUNCTION = YES;
				GCC_WARN_UNUSED_VARIABLE = YES;
				IPHONEOS_DEPLOYMENT_TARGET = 7.1;
				SDKROOT = iphoneos;
				VALIDATE_PRODUCT = YES;
			};
			name = Release;
		};
		609422D518E4F4940069BA0E /* Debug */ = {
			isa = XCBuildConfiguration;
			buildSettings = {
				ASSETCATALOG_COMPILER_APPICON_NAME = AppIcon;
				ASSETCATALOG_COMPILER_LAUNCHIMAGE_NAME = LaunchImage;
				GCC_PRECOMPILE_PREFIX_HEADER = YES;
				GCC_PREFIX_HEADER = "_16_Time/_16_Time-Prefix.pch";
				INFOPLIST_FILE = "_16_Time/_16_Time-Info.plist";
				PRODUCT_NAME = "$(TARGET_NAME)";
				WRAPPER_EXTENSION = app;
			};
			name = Debug;
		};
		609422D618E4F4940069BA0E /* Release */ = {
			isa = XCBuildConfiguration;
			buildSettings = {
				ASSETCATALOG_COMPILER_APPICON_NAME = AppIcon;
				ASSETCATALOG_COMPILER_LAUNCHIMAGE_NAME = LaunchImage;
				GCC_PRECOMPILE_PREFIX_HEADER = YES;
				GCC_PREFIX_HEADER = "_16_Time/_16_Time-Prefix.pch";
				INFOPLIST_FILE = "_16_Time/_16_Time-Info.plist";
				PRODUCT_NAME = "$(TARGET_NAME)";
				WRAPPER_EXTENSION = app;
			};
			name = Release;
		};
		609422D818E4F4940069BA0E /* Debug */ = {
			isa = XCBuildConfiguration;
			buildSettings = {
				BUNDLE_LOADER = "$(BUILT_PRODUCTS_DIR)/_16_Time.app/_16_Time";
				FRAMEWORK_SEARCH_PATHS = (
					"$(SDKROOT)/Developer/Library/Frameworks",
					"$(inherited)",
					"$(DEVELOPER_FRAMEWORKS_DIR)",
				);
				GCC_PRECOMPILE_PREFIX_HEADER = YES;
				GCC_PREFIX_HEADER = "_16_Time/_16_Time-Prefix.pch";
				GCC_PREPROCESSOR_DEFINITIONS = (
					"DEBUG=1",
					"$(inherited)",
				);
				INFOPLIST_FILE = "_16_TimeTests/_16_TimeTests-Info.plist";
				PRODUCT_NAME = "$(TARGET_NAME)";
				TEST_HOST = "$(BUNDLE_LOADER)";
				WRAPPER_EXTENSION = xctest;
			};
			name = Debug;
		};
		609422D918E4F4940069BA0E /* Release */ = {
			isa = XCBuildConfiguration;
			buildSettings = {
				BUNDLE_LOADER = "$(BUILT_PRODUCTS_DIR)/_16_Time.app/_16_Time";
				FRAMEWORK_SEARCH_PATHS = (
					"$(SDKROOT)/Developer/Library/Frameworks",
					"$(inherited)",
					"$(DEVELOPER_FRAMEWORKS_DIR)",
				);
				GCC_PRECOMPILE_PREFIX_HEADER = YES;
				GCC_PREFIX_HEADER = "_16_Time/_16_Time-Prefix.pch";
				INFOPLIST_FILE = "_16_TimeTests/_16_TimeTests-Info.plist";
				PRODUCT_NAME = "$(TARGET_NAME)";
				TEST_HOST = "$(BUNDLE_LOADER)";
				WRAPPER_EXTENSION = xctest;
			};
			name = Release;
		};
/* End XCBuildConfiguration section */

/* Begin XCConfigurationList section */
		609422A318E4F4940069BA0E /* Build configuration list for PBXProject "_16_Time" */ = {
			isa = XCConfigurationList;
			buildConfigurations = (
				609422D218E4F4940069BA0E /* Debug */,
				609422D318E4F4940069BA0E /* Release */,
			);
			defaultConfigurationIsVisible = 0;
			defaultConfigurationName = Release;
		};
		609422D418E4F4940069BA0E /* Build configuration list for PBXNativeTarget "_16_Time" */ = {
			isa = XCConfigurationList;
			buildConfigurations = (
				609422D518E4F4940069BA0E /* Debug */,
				609422D618E4F4940069BA0E /* Release */,
			);
			defaultConfigurationIsVisible = 0;
		};
		609422D718E4F4940069BA0E /* Build configuration list for PBXNativeTarget "_16_TimeTests" */ = {
			isa = XCConfigurationList;
			buildConfigurations = (
				609422D818E4F4940069BA0E /* Debug */,
				609422D918E4F4940069BA0E /* Release */,
			);
			defaultConfigurationIsVisible = 0;
		};
/* End XCConfigurationList section */
	};
	rootObject = 609422A018E4F4940069BA0E /* Project object */;
}
